{
  "name": "src",
  "version": "1.0.0",
  "lockfileVersion": 3,
  "requires": true,
  "packages": {
    "": {
      "name": "src",
      "version": "1.0.0",
      "license": "ISC",
      "dependencies": {
        "lambda-stream": "^0.5.0"
      }
    },
    "node_modules/lambda-stream": {
      "version": "0.5.0",
      "resolved": "https://registry.npmjs.org/lambda-stream/-/lambda-stream-0.5.0.tgz",
      "integrity": "sha512-AaMXqUM+GcJ2OpNF2LI78jzbZ84rSckH+uKfstMQFqXDn+ZBLIkJgkUk+L0fuCGzw+LP5VToUxJKDfAbtLXSGw==",
      "license": "MIT"
    }
  }
}
